// !$*UTF8*$!
{
	archiveVersion = 1;
	classes = {
	};
	objectVersion = 45;
	objects = {

/* Begin PBXBuildFile section */
		288AFF320F563D130085E73F /* CDTestCase.m in Sources */ = {isa = PBXBuildFile; fileRef = 288AFF310F563D130085E73F /* CDTestCase.m */; };
		288AFF370F563DBA0085E73F /* CoreData.framework in Frameworks */ = {isa = PBXBuildFile; fileRef = 288AFF360F563DBA0085E73F /* CoreData.framework */; };
		28D1EE320F5643310089643D /* CDTestCase.xcdatamodel in Sources */ = {isa = PBXBuildFile; fileRef = 28D1EE310F5643310089643D /* CDTestCase.xcdatamodel */; };
		8DD76F9C0486AA7600D96B5E /* Foundation.framework in Frameworks */ = {isa = PBXBuildFile; fileRef = 08FB779EFE84155DC02AAC07 /* Foundation.framework */; };
		96CB908012DE5EC500EFB75C /* _Line.m in Sources */ = {isa = PBXBuildFile; fileRef = 96CB907512DE5EC500EFB75C /* _Line.m */; };
		96CB908112DE5EC500EFB75C /* _Stop.m in Sources */ = {isa = PBXBuildFile; fileRef = 96CB907712DE5EC500EFB75C /* _Stop.m */; };
		96CB908212DE5EC500EFB75C /* _StopTime.m in Sources */ = {isa = PBXBuildFile; fileRef = 96CB907912DE5EC500EFB75C /* _StopTime.m */; };
		96CB908312DE5EC500EFB75C /* Line.m in Sources */ = {isa = PBXBuildFile; fileRef = 96CB907B12DE5EC500EFB75C /* Line.m */; };
		96CB908412DE5EC500EFB75C /* Stop.m in Sources */ = {isa = PBXBuildFile; fileRef = 96CB907D12DE5EC500EFB75C /* Stop.m */; };
		96CB908512DE5EC500EFB75C /* StopTime.m in Sources */ = {isa = PBXBuildFile; fileRef = 96CB907F12DE5EC500EFB75C /* StopTime.m */; };
/* End PBXBuildFile section */

/* Begin PBXCopyFilesBuildPhase section */
		8DD76F9E0486AA7600D96B5E /* CopyFiles */ = {
			isa = PBXCopyFilesBuildPhase;
			buildActionMask = 8;
			dstPath = /usr/share/man/man1/;
			dstSubfolderSpec = 0;
			files = (
			);
			runOnlyForDeploymentPostprocessing = 1;
		};
/* End PBXCopyFilesBuildPhase section */

/* Begin PBXFileReference section */
		08FB779EFE84155DC02AAC07 /* Foundation.framework */ = {isa = PBXFileReference; lastKnownFileType = wrapper.framework; name = Foundation.framework; path = /System/Library/Frameworks/Foundation.framework; sourceTree = "<absolute>"; };
		288AFF310F563D130085E73F /* CDTestCase.m */ = {isa = PBXFileReference; fileEncoding = 4; lastKnownFileType = sourcecode.c.objc; path = CDTestCase.m; sourceTree = "<group>"; };
		288AFF330F563D1C0085E73F /* CDTestCase.1 */ = {isa = PBXFileReference; fileEncoding = 4; lastKnownFileType = text.man; path = CDTestCase.1; sourceTree = "<group>"; };
		288AFF340F563D390085E73F /* CDTestCase_Prefix.pch */ = {isa = PBXFileReference; fileEncoding = 4; lastKnownFileType = sourcecode.c.h; path = CDTestCase_Prefix.pch; sourceTree = "<group>"; };
		288AFF360F563DBA0085E73F /* CoreData.framework */ = {isa = PBXFileReference; lastKnownFileType = wrapper.framework; name = CoreData.framework; path = System/Library/Frameworks/CoreData.framework; sourceTree = SDKROOT; };
		28D1EE310F5643310089643D /* CDTestCase.xcdatamodel */ = {isa = PBXFileReference; fileEncoding = 4; lastKnownFileType = wrapper.xcdatamodel; path = CDTestCase.xcdatamodel; sourceTree = "<group>"; };
		8DD76FA10486AA7600D96B5E /* CDTestCase */ = {isa = PBXFileReference; explicitFileType = "compiled.mach-o.executable"; includeInIndex = 0; path = CDTestCase; sourceTree = BUILT_PRODUCTS_DIR; };
		96CB907412DE5EC500EFB75C /* _Line.h */ = {isa = PBXFileReference; fileEncoding = 4; lastKnownFileType = sourcecode.c.h; path = _Line.h; sourceTree = "<group>"; };
		96CB907512DE5EC500EFB75C /* _Line.m */ = {isa = PBXFileReference; fileEncoding = 4; lastKnownFileType = sourcecode.c.objc; path = _Line.m; sourceTree = "<group>"; };
		96CB907612DE5EC500EFB75C /* _Stop.h */ = {isa = PBXFileReference; fileEncoding = 4; lastKnownFileType = sourcecode.c.h; path = _Stop.h; sourceTree = "<group>"; };
		96CB907712DE5EC500EFB75C /* _Stop.m */ = {isa = PBXFileReference; fileEncoding = 4; lastKnownFileType = sourcecode.c.objc; path = _Stop.m; sourceTree = "<group>"; };
		96CB907812DE5EC500EFB75C /* _StopTime.h */ = {isa = PBXFileReference; fileEncoding = 4; lastKnownFileType = sourcecode.c.h; path = _StopTime.h; sourceTree = "<group>"; };
		96CB907912DE5EC500EFB75C /* _StopTime.m */ = {isa = PBXFileReference; fileEncoding = 4; lastKnownFileType = sourcecode.c.objc; path = _StopTime.m; sourceTree = "<group>"; };
		96CB907A12DE5EC500EFB75C /* Line.h */ = {isa = PBXFileReference; fileEncoding = 4; lastKnownFileType = sourcecode.c.h; path = Line.h; sourceTree = "<group>"; };
		96CB907B12DE5EC500EFB75C /* Line.m */ = {isa = PBXFileReference; fileEncoding = 4; lastKnownFileType = sourcecode.c.objc; path = Line.m; sourceTree = "<group>"; };
		96CB907C12DE5EC500EFB75C /* Stop.h */ = {isa = PBXFileReference; fileEncoding = 4; lastKnownFileType = sourcecode.c.h; path = Stop.h; sourceTree = "<group>"; };
		96CB907D12DE5EC500EFB75C /* Stop.m */ = {isa = PBXFileReference; fileEncoding = 4; lastKnownFileType = sourcecode.c.objc; path = Stop.m; sourceTree = "<group>"; };
		96CB907E12DE5EC500EFB75C /* StopTime.h */ = {isa = PBXFileReference; fileEncoding = 4; lastKnownFileType = sourcecode.c.h; path = StopTime.h; sourceTree = "<group>"; };
		96CB907F12DE5EC500EFB75C /* StopTime.m */ = {isa = PBXFileReference; fileEncoding = 4; lastKnownFileType = sourcecode.c.objc; path = StopTime.m; sourceTree = "<group>"; };
/* End PBXFileReference section */

/* Begin PBXFrameworksBuildPhase section */
		8DD76F9B0486AA7600D96B5E /* Frameworks */ = {
			isa = PBXFrameworksBuildPhase;
			buildActionMask = 2147483647;
			files = (
				8DD76F9C0486AA7600D96B5E /* Foundation.framework in Frameworks */,
				288AFF370F563DBA0085E73F /* CoreData.framework in Frameworks */,
			);
			runOnlyForDeploymentPostprocessing = 0;
		};
/* End PBXFrameworksBuildPhase section */

/* Begin PBXGroup section */
		08FB7794FE84155DC02AAC07 /* «PROJECTNAME» */ = {
			isa = PBXGroup;
			children = (
				08FB7795FE84155DC02AAC07 /* Source */,
				28D1EE350F56433F0089643D /* Model */,
				C6859EA2029092E104C91782 /* Documentation */,
				08FB779DFE84155DC02AAC07 /* External Frameworks and Libraries */,
				1AB674ADFE9D54B511CA2CBB /* Products */,
			);
			name = "«PROJECTNAME»";
			sourceTree = "<group>";
		};
		08FB7795FE84155DC02AAC07 /* Source */ = {
			isa = PBXGroup;
			children = (
				96CB907312DE5EA700EFB75C /* entities */,
				288AFF340F563D390085E73F /* CDTestCase_Prefix.pch */,
				288AFF310F563D130085E73F /* CDTestCase.m */,
			);
			name = Source;
			sourceTree = "<group>";
		};
		08FB779DFE84155DC02AAC07 /* External Frameworks and Libraries */ = {
			isa = PBXGroup;
			children = (
				288AFF360F563DBA0085E73F /* CoreData.framework */,
				08FB779EFE84155DC02AAC07 /* Foundation.framework */,
			);
			name = "External Frameworks and Libraries";
			sourceTree = "<group>";
		};
		1AB674ADFE9D54B511CA2CBB /* Products */ = {
			isa = PBXGroup;
			children = (
				8DD76FA10486AA7600D96B5E /* CDTestCase */,
			);
			name = Products;
			sourceTree = "<group>";
		};
		28D1EE350F56433F0089643D /* Model */ = {
			isa = PBXGroup;
			children = (
				28D1EE310F5643310089643D /* CDTestCase.xcdatamodel */,
			);
			name = Model;
			sourceTree = "<group>";
		};
		96CB907312DE5EA700EFB75C /* entities */ = {
			isa = PBXGroup;
			children = (
				96CB907412DE5EC500EFB75C /* _Line.h */,
				96CB907512DE5EC500EFB75C /* _Line.m */,
				96CB907612DE5EC500EFB75C /* _Stop.h */,
				96CB907712DE5EC500EFB75C /* _Stop.m */,
				96CB907812DE5EC500EFB75C /* _StopTime.h */,
				96CB907912DE5EC500EFB75C /* _StopTime.m */,
				96CB907A12DE5EC500EFB75C /* Line.h */,
				96CB907B12DE5EC500EFB75C /* Line.m */,
				96CB907C12DE5EC500EFB75C /* Stop.h */,
				96CB907D12DE5EC500EFB75C /* Stop.m */,
				96CB907E12DE5EC500EFB75C /* StopTime.h */,
				96CB907F12DE5EC500EFB75C /* StopTime.m */,
			);
			name = entities;
			sourceTree = "<group>";
		};
		C6859EA2029092E104C91782 /* Documentation */ = {
			isa = PBXGroup;
			children = (
				288AFF330F563D1C0085E73F /* CDTestCase.1 */,
			);
			name = Documentation;
			sourceTree = "<group>";
		};
/* End PBXGroup section */

/* Begin PBXNativeTarget section */
		8DD76F960486AA7600D96B5E /* CDTestCase */ = {
			isa = PBXNativeTarget;
			buildConfigurationList = 1DEB927408733DD40010E9CD /* Build configuration list for PBXNativeTarget "CDTestCase" */;
			buildPhases = (
				8DD76F990486AA7600D96B5E /* Sources */,
				8DD76F9B0486AA7600D96B5E /* Frameworks */,
				8DD76F9E0486AA7600D96B5E /* CopyFiles */,
			);
			buildRules = (
			);
			dependencies = (
			);
			name = CDTestCase;
			productInstallPath = "$(HOME)/bin";
			productName = "«PROJECTNAME»";
			productReference = 8DD76FA10486AA7600D96B5E /* CDTestCase */;
			productType = "com.apple.product-type.tool";
		};
/* End PBXNativeTarget section */

/* Begin PBXProject section */
		08FB7793FE84155DC02AAC07 /* Project object */ = {
			isa = PBXProject;
			attributes = {
				ORGANIZATIONNAME = dthg.net;
			};
			buildConfigurationList = 1DEB927808733DD40010E9CD /* Build configuration list for PBXProject "CDTestCase" */;
			compatibilityVersion = "Xcode 3.1";
			developmentRegion = English;
			hasScannedForEncodings = 1;
			knownRegions = (
				English,
				Japanese,
				French,
				German,
			);
			mainGroup = 08FB7794FE84155DC02AAC07 /* «PROJECTNAME» */;
			projectDirPath = "";
			projectRoot = "";
			targets = (
				8DD76F960486AA7600D96B5E /* CDTestCase */,
			);
		};
/* End PBXProject section */

/* Begin PBXSourcesBuildPhase section */
		8DD76F990486AA7600D96B5E /* Sources */ = {
			isa = PBXSourcesBuildPhase;
			buildActionMask = 2147483647;
			files = (
				288AFF320F563D130085E73F /* CDTestCase.m in Sources */,
				28D1EE320F5643310089643D /* CDTestCase.xcdatamodel in Sources */,
				96CB908012DE5EC500EFB75C /* _Line.m in Sources */,
				96CB908112DE5EC500EFB75C /* _Stop.m in Sources */,
				96CB908212DE5EC500EFB75C /* _StopTime.m in Sources */,
				96CB908312DE5EC500EFB75C /* Line.m in Sources */,
				96CB908412DE5EC500EFB75C /* Stop.m in Sources */,
				96CB908512DE5EC500EFB75C /* StopTime.m in Sources */,
			);
			runOnlyForDeploymentPostprocessing = 0;
		};
/* End PBXSourcesBuildPhase section */

/* Begin XCBuildConfiguration section */
		1DEB927508733DD40010E9CD /* Debug */ = {
			isa = XCBuildConfiguration;
			buildSettings = {
				ALWAYS_SEARCH_USER_PATHS = NO;
				COPY_PHASE_STRIP = NO;
				GCC_DYNAMIC_NO_PIC = NO;
				GCC_ENABLE_FIX_AND_CONTINUE = YES;
				GCC_MODEL_TUNING = G5;
				GCC_OPTIMIZATION_LEVEL = 0;
				GCC_PRECOMPILE_PREFIX_HEADER = YES;
				GCC_PREFIX_HEADER = CDTestCase_Prefix.pch;
				INSTALL_PATH = /usr/local/bin;
				PRODUCT_NAME = CDTestCase;
			};
			name = Debug;
		};
		1DEB927608733DD40010E9CD /* Release */ = {
			isa = XCBuildConfiguration;
			buildSettings = {
				ALWAYS_SEARCH_USER_PATHS = NO;
				DEBUG_INFORMATION_FORMAT = "dwarf-with-dsym";
				GCC_MODEL_TUNING = G5;
				GCC_PRECOMPILE_PREFIX_HEADER = YES;
				GCC_PREFIX_HEADER = CDTestCase_Prefix.pch;
				INSTALL_PATH = /usr/local/bin;
				PRODUCT_NAME = CDTestCase;
			};
			name = Release;
		};
		1DEB927908733DD40010E9CD /* Debug */ = {
			isa = XCBuildConfiguration;
			buildSettings = {
				ARCHS = "$(ARCHS_STANDARD_32_64_BIT)";
				GCC_C_LANGUAGE_STANDARD = c99;
				GCC_ENABLE_OBJC_GC = required;
				GCC_WARN_ABOUT_RETURN_TYPE = YES;
				GCC_WARN_UNUSED_VARIABLE = YES;
				ONLY_ACTIVE_ARCH = YES;
				PREBINDING = NO;
				SDKROOT = macosx10.6;
			};
			name = Debug;
		};
		1DEB927A08733DD40010E9CD /* Release */ = {
			isa = XCBuildConfiguration;
			buildSettings = {
				ARCHS = "$(ARCHS_STANDARD_32_64_BIT)";
				GCC_C_LANGUAGE_STANDARD = c99;
				GCC_ENABLE_OBJC_GC = required;
				GCC_WARN_ABOUT_RETURN_TYPE = YES;
				GCC_WARN_UNUSED_VARIABLE = YES;
				PREBINDING = NO;
				SDKROOT = macosx10.6;
			};
			name = Release;
		};
/* End XCBuildConfiguration section */

/* Begin XCConfigurationList section */
		1DEB927408733DD40010E9CD /* Build configuration list for PBXNativeTarget "CDTestCase" */ = {
			isa = XCConfigurationList;
			buildConfigurations = (
				1DEB927508733DD40010E9CD /* Debug */,
				1DEB927608733DD40010E9CD /* Release */,
			);
			defaultConfigurationIsVisible = 0;
			defaultConfigurationName = Release;
		};
		1DEB927808733DD40010E9CD /* Build configuration list for PBXProject "CDTestCase" */ = {
			isa = XCConfigurationList;
			buildConfigurations = (
				1DEB927908733DD40010E9CD /* Debug */,
				1DEB927A08733DD40010E9CD /* Release */,
			);
			defaultConfigurationIsVisible = 0;
			defaultConfigurationName = Release;
		};
/* End XCConfigurationList section */
	};
	rootObject = 08FB7793FE84155DC02AAC07 /* Project object */;
}
